
Microsoft Visual Studio Solution File, Format Version 12.00
# Visual Studio Version 16
VisualStudioVersion = 16.0.30204.135
MinimumVisualStudioVersion = 10.0.40219.1
Project("{FAE04EC0-301F-11D3-BF4B-00C04F79EFBC}") = "Schaeffler.Web", "Schaeffler.Web\Schaeffler.Web.csproj", "{0867A128-94D9-4DE9-9144-3C267023F2F4}"
EndProject
Project("{FAE04EC0-301F-11D3-BF4B-00C04F79EFBC}") = "Schaeffler.Domain", "Schaeffler.Domain\Schaeffler.Domain.csproj", "{A1376562-D87A-4708-BC8C-9FD4F3E85CD2}"
EndProject
Project("{FAE04EC0-301F-11D3-BF4B-00C04F79EFBC}") = "Schaeffler.Persistence", "Schaeffler.Persistence\Schaeffler.Persistence.csproj", "{6D8049FB-FCE5-41D9-B56A-01B6C9B7BA24}"
EndProject
Project("{FAE04EC0-301F-11D3-BF4B-00C04F79EFBC}") = "Schaeffler.Service", "Schaeffler.Service\Schaeffler.Service.csproj", "{103DD832-4D9C-4D47-854C-59159F43C475}"
EndProject
Project("{FAE04EC0-301F-11D3-BF4B-00C04F79EFBC}") = "Schaeffler.Core", "Schaeffler.Core\Schaeffler.Core.csproj", "{72698468-D595-4F27-A496-816A8E17084E}"
EndProject
Global
	GlobalSection(SolutionConfigurationPlatforms) = preSolution
		Debug|Any CPU = Debug|Any CPU
		Release|Any CPU = Release|Any CPU
	EndGlobalSection
	GlobalSection(ProjectConfigurationPlatforms) = postSolution
		{0867A128-94D9-4DE9-9144-3C267023F2F4}.Debug|Any CPU.ActiveCfg = Debug|Any CPU
		{0867A128-94D9-4DE9-9144-3C267023F2F4}.Debug|Any CPU.Build.0 = Debug|Any CPU
		{0867A128-94D9-4DE9-9144-3C267023F2F4}.Release|Any CPU.ActiveCfg = Release|Any CPU
		{0867A128-94D9-4DE9-9144-3C267023F2F4}.Release|Any CPU.Build.0 = Release|Any CPU
		{A1376562-D87A-4708-BC8C-9FD4F3E85CD2}.Debug|Any CPU.ActiveCfg = Debug|Any CPU
		{A1376562-D87A-4708-BC8C-9FD4F3E85CD2}.Debug|Any CPU.Build.0 = Debug|Any CPU
		{A1376562-D87A-4708-BC8C-9FD4F3E85CD2}.Release|Any CPU.ActiveCfg = Release|Any CPU
		{A1376562-D87A-4708-BC8C-9FD4F3E85CD2}.Release|Any CPU.Build.0 = Release|Any CPU
		{6D8049FB-FCE5-41D9-B56A-01B6C9B7BA24}.Debug|Any CPU.ActiveCfg = Debug|Any CPU
		{6D8049FB-FCE5-41D9-B56A-01B6C9B7BA24}.Debug|Any CPU.Build.0 = Debug|Any CPU
		{6D8049FB-FCE5-41D9-B56A-01B6C9B7BA24}.Release|Any CPU.ActiveCfg = Release|Any CPU
		{6D8049FB-FCE5-41D9-B56A-01B6C9B7BA24}.Release|Any CPU.Build.0 = Release|Any CPU
		{103DD832-4D9C-4D47-854C-59159F43C475}.Debug|Any CPU.ActiveCfg = Debug|Any CPU
		{103DD832-4D9C-4D47-854C-59159F43C475}.Debug|Any CPU.Build.0 = Debug|Any CPU
		{103DD832-4D9C-4D47-854C-59159F43C475}.Release|Any CPU.ActiveCfg = Release|Any CPU
		{103DD832-4D9C-4D47-854C-59159F43C475}.Release|Any CPU.Build.0 = Release|Any CPU
		{72698468-D595-4F27-A496-816A8E17084E}.Debug|Any CPU.ActiveCfg = Debug|Any CPU
		{72698468-D595-4F27-A496-816A8E17084E}.Debug|Any CPU.Build.0 = Debug|Any CPU
		{72698468-D595-4F27-A496-816A8E17084E}.Release|Any CPU.ActiveCfg = Release|Any CPU
		{72698468-D595-4F27-A496-816A8E17084E}.Release|Any CPU.Build.0 = Release|Any CPU
	EndGlobalSection
	GlobalSection(SolutionProperties) = preSolution
		HideSolutionNode = FALSE
	EndGlobalSection
	GlobalSection(ExtensibilityGlobals) = postSolution
		SolutionGuid = {ACDF4209-55A5-4694-87B5-96DFE0642256}
	EndGlobalSection
EndGlobal
